
Microsoft Visual Studio Solution File, Format Version 12.00
# Visual Studio 2012
Project("{159641D6-6404-4A2A-AE62-294DE0FE8301}") = "ProjetBikeStores", "ProjetBikeStores\ProjetBikeStores.dtproj", "{6BAFE49B-0D38-42F7-82D1-D4EB6605678A}"
EndProject
Global
	GlobalSection(SolutionConfigurationPlatforms) = preSolution
		Development|Default = Development|Default
	EndGlobalSection
	GlobalSection(ProjectConfigurationPlatforms) = postSolution
		{6BAFE49B-0D38-42F7-82D1-D4EB6605678A}.Development|Default.ActiveCfg = Development
		{6BAFE49B-0D38-42F7-82D1-D4EB6605678A}.Development|Default.Build.0 = Development
	EndGlobalSection
	GlobalSection(SolutionProperties) = preSolution
		HideSolutionNode = FALSE
	EndGlobalSection
EndGlobal
